{
  "meteor": {
    "git": "https://github.com/tmeasday/meteor.git",
    "branch": "auth-model-support",
    "commit": "b921de029d985541d4099baeb514bc1cced8a908"
  },
  "dependencies": {
    "basePackages": {
      "router": {},
      "transitioner": {},
      "environment-hooks": {
        "git": "https://github.com/possibilities/meteor-environment-hooks.git",
        "branch": "master"
      },
      "gravatar": {}
    },
    "packages": {
      "router": {
        "git": "https://github.com/tmeasday/meteor-router.git",
        "tag": "v0.1.1",
        "commit": "bb806c51efe3686a8da6628269aa67a269a4e076"
      },
      "transitioner": {
        "git": "https://github.com/tmeasday/meteor-transitioner.git",
        "tag": "v0.1.1",
        "commit": "edb0668f085564b36cc73bfd8464f23fdda481cf"
      },
      "environment-hooks": {
        "git": "https://github.com/possibilities/meteor-environment-hooks.git",
        "branch": "master",
        "commit": "ec214129464e49b9cdb081ccb3d50ed8930722be"
      },
      "gravatar": {
        "git": "https://github.com/tmeasday/meteor-gravatar.git",
        "tag": "v0.0.2",
        "commit": "72623b359e8dc977fdec833beddfd5b9a2f49d34"
      },
      "deps-extensions": {
        "git": "https://github.com/tmeasday/meteor-deps-extensions.git",
        "tag": "v0.1.0",
        "commit": "110462c0ba33aaeb35e55069134287325cc453e5"
      },
      "crypto-md5": {
        "git": "https://github.com/tmeasday/meteor-crypto-md5.git",
        "tag": "v0.0.1",
        "commit": "a0638a6cabfc84e19f2d5828f76aa8f6a0cc8c1a"
      },
      "crypto-base": {
        "git": "https://github.com/tmeasday/meteor-crypto-base.git",
        "tag": "v0.0.1",
        "commit": "668fc710ad041eee6ae2f9b53289128f211aa9e0"
      }
    }
  }
}
