{
  "meteor": {
    "git": "https://github.com/tmeasday/meteor.git",
    "branch": "auth-model-support",
    "commit": "4f34980fd9325ac60b128aa6f0232b434f2fa3cd"
  },
  "dependencies": {
    "basePackages": {
      "router": {
        "git": "https://github.com/tmeasday/meteor-router.git",
        "branch": "master"
      },
      "transitioner": {
        "git": "https://github.com/tmeasday/meteor-transitioner.git",
        "branch": "master"
      },
      "deploy-config": {
        "git": "https://github.com/possibilities/meteor-deploy-config.git",
        "branch": "master"
      },
      "environment-hooks": {
        "git": "https://github.com/possibilities/meteor-environment-hooks.git",
        "branch": "master"
      }
    },
    "packages": {
      "router": {
        "git": "https://github.com/tmeasday/meteor-router.git",
        "branch": "master",
        "commit": "5b714b490c3569c55a20d17f5992a7f67dd32231"
      },
      "transitioner": {
        "git": "https://github.com/tmeasday/meteor-transitioner.git",
        "branch": "master",
        "commit": "4360e3a79dba675e155f59d342fef5c1d06c3112"
      },
      "deploy-config": {
        "git": "https://github.com/possibilities/meteor-deploy-config.git",
        "branch": "master",
        "commit": "9142351a792473d03b768fca21c580a31fade01c"
      },
      "environment-hooks": {
        "git": "https://github.com/possibilities/meteor-environment-hooks.git",
        "branch": "master",
        "commit": "1f34c1026ee8140683cefd4fe38f43bb75806b10"
      },
      "deps-extensions": {
        "git": "https://github.com/tmeasday/meteor-deps-extensions.git",
        "branch": "master",
        "commit": "110462c0ba33aaeb35e55069134287325cc453e5"
      }
    }
  }
}
