{
  "meteor": {
    "git": "https://github.com/tmeasday/meteor.git",
    "branch": "auth-model-support",
    "commit": "61a8ed3fe653b6248f2dca60282ad27a881f2e6c"
  },
  "dependencies": {
    "basePackages": {
      "router": {
        "git": "https://github.com/tmeasday/meteor-router.git",
        "branch": "master"
      },
      "transitioner": {
        "git": "https://github.com/tmeasday/meteor-transitioner.git",
        "branch": "master"
      }
    },
    "packages": {
      "router": {
        "git": "https://github.com/tmeasday/meteor-router.git",
        "branch": "master",
        "commit": "f5c208cd7ce94beb67f0883ee10058a60414913c"
      },
      "transitioner": {
        "git": "https://github.com/tmeasday/meteor-transitioner.git",
        "branch": "master",
        "commit": "40aad3bb0d8bc61169a3d61de38e7eba232372e9"
      },
      "deps-extensions": {
        "git": "https://github.com/tmeasday/meteor-deps-extensions.git",
        "branch": "master",
        "commit": "06b80b926595a0b08c15ae95e499ac0a2c88ceee"
      }
    }
  }
}
